// !$*UTF8*$!
{
	archiveVersion = 1;
	classes = {
	};
	objectVersion = 56;
	objects = {

/* Begin PBXBuildFile section */
		1A2B3C4D5E6F700000000101 /* MarviSocietyApp.swift in Sources */ = {isa = PBXBuildFile; fileRef = 1A2B3C4D5E6F700000000001 /* MarviSocietyApp.swift */; };
		1A2B3C4D5E6F700000000102 /* ContentView.swift in Sources */ = {isa = PBXBuildFile; fileRef = 1A2B3C4D5E6F700000000002 /* ContentView.swift */; };
		1A2B3C4D5E6F700000000103 /* DomainModels.swift in Sources */ = {isa = PBXBuildFile; fileRef = 1A2B3C4D5E6F700000000003 /* DomainModels.swift */; };
		1A2B3C4D5E6F700000000104 /* SampleData.swift in Sources */ = {isa = PBXBuildFile; fileRef = 1A2B3C4D5E6F700000000004 /* SampleData.swift */; };
		1A2B3C4D5E6F700000000105 /* DesignSystem.swift in Sources */ = {isa = PBXBuildFile; fileRef = 1A2B3C4D5E6F700000000005 /* DesignSystem.swift */; };
		1A2B3C4D5E6F700000000106 /* DiscoverView.swift in Sources */ = {isa = PBXBuildFile; fileRef = 1A2B3C4D5E6F700000000006 /* DiscoverView.swift */; };
		1A2B3C4D5E6F700000000107 /* OfferDetailView.swift in Sources */ = {isa = PBXBuildFile; fileRef = 1A2B3C4D5E6F700000000007 /* OfferDetailView.swift */; };
		1A2B3C4D5E6F700000000108 /* BookingsView.swift in Sources */ = {isa = PBXBuildFile; fileRef = 1A2B3C4D5E6F700000000008 /* BookingsView.swift */; };
		1A2B3C4D5E6F700000000109 /* ProfileView.swift in Sources */ = {isa = PBXBuildFile; fileRef = 1A2B3C4D5E6F700000000009 /* ProfileView.swift */; };
		1A2B3C4D5E6F700000000110 /* VenueStudioView.swift in Sources */ = {isa = PBXBuildFile; fileRef = 1A2B3C4D5E6F700000000010 /* VenueStudioView.swift */; };
		1A2B3C4D5E6F700000000111 /* Assets.xcassets in Resources */ = {isa = PBXBuildFile; fileRef = 1A2B3C4D5E6F700000000020 /* Assets.xcassets */; };
		1A2B3C4D5E6F700000000112 /* AppState.swift in Sources */ = {isa = PBXBuildFile; fileRef = 1A2B3C4D5E6F700000000011 /* AppState.swift */; };
		1A2B3C4D5E6F700000000113 /* MainAppShell.swift in Sources */ = {isa = PBXBuildFile; fileRef = 1A2B3C4D5E6F700000000012 /* MainAppShell.swift */; };
		1A2B3C4D5E6F700000000114 /* OnboardingView.swift in Sources */ = {isa = PBXBuildFile; fileRef = 1A2B3C4D5E6F700000000013 /* OnboardingView.swift */; };
		1A2B3C4D5E6F700000000115 /* InboxView.swift in Sources */ = {isa = PBXBuildFile; fileRef = 1A2B3C4D5E6F700000000014 /* InboxView.swift */; };
		1A2B3C4D5E6F700000000116 /* AppPersistence.swift in Sources */ = {isa = PBXBuildFile; fileRef = 1A2B3C4D5E6F700000000015 /* AppPersistence.swift */; };
		1A2B3C4D5E6F700000000117 /* AdminDashboardView.swift in Sources */ = {isa = PBXBuildFile; fileRef = 1A2B3C4D5E6F700000000016 /* AdminDashboardView.swift */; };
		1A2B3C4D5E6F700000000130 /* APIConfig.swift in Sources */ = {isa = PBXBuildFile; fileRef = 1A2B3C4D5E6F700000000118 /* APIConfig.swift */; };
		1A2B3C4D5E6F700000000131 /* MarviAPIError.swift in Sources */ = {isa = PBXBuildFile; fileRef = 1A2B3C4D5E6F700000000119 /* MarviAPIError.swift */; };
		1A2B3C4D5E6F700000000132 /* MarviAPI.swift in Sources */ = {isa = PBXBuildFile; fileRef = 1A2B3C4D5E6F700000000120 /* MarviAPI.swift */; };
		1A2B3C4D5E6F700000000133 /* LocalMarviAPI.swift in Sources */ = {isa = PBXBuildFile; fileRef = 1A2B3C4D5E6F700000000121 /* LocalMarviAPI.swift */; };
		1A2B3C4D5E6F700000000134 /* APIDTOs.swift in Sources */ = {isa = PBXBuildFile; fileRef = 1A2B3C4D5E6F700000000122 /* APIDTOs.swift */; };
		1A2B3C4D5E6F700000000135 /* SupabaseClient.swift in Sources */ = {isa = PBXBuildFile; fileRef = 1A2B3C4D5E6F700000000123 /* SupabaseClient.swift */; };
		1A2B3C4D5E6F700000000136 /* SupabaseMarviAPI.swift in Sources */ = {isa = PBXBuildFile; fileRef = 1A2B3C4D5E6F700000000124 /* SupabaseMarviAPI.swift */; };
		1A2B3C4D5E6F700000000137 /* AppleSignInService.swift in Sources */ = {isa = PBXBuildFile; fileRef = 1A2B3C4D5E6F700000000125 /* AppleSignInService.swift */; };
		1A2B3C4D5E6F700000000141 /* LocationService.swift in Sources */ = {isa = PBXBuildFile; fileRef = 1A2B3C4D5E6F700000000138 /* LocationService.swift */; };
		1A2B3C4D5E6F700000000142 /* PushNotificationService.swift in Sources */ = {isa = PBXBuildFile; fileRef = 1A2B3C4D5E6F700000000139 /* PushNotificationService.swift */; };
		1A2B3C4D5E6F700000000143 /* MapDiscoverView.swift in Sources */ = {isa = PBXBuildFile; fileRef = 1A2B3C4D5E6F700000000140 /* MapDiscoverView.swift */; };
/* End PBXBuildFile section */

/* Begin PBXFileReference section */
		1A2B3C4D5E6F700000000001 /* MarviSocietyApp.swift */ = {isa = PBXFileReference; lastKnownFileType = sourcecode.swift; path = MarviSocietyApp.swift; sourceTree = "<group>"; };
		1A2B3C4D5E6F700000000002 /* ContentView.swift */ = {isa = PBXFileReference; lastKnownFileType = sourcecode.swift; path = ContentView.swift; sourceTree = "<group>"; };
		1A2B3C4D5E6F700000000003 /* DomainModels.swift */ = {isa = PBXFileReference; lastKnownFileType = sourcecode.swift; path = DomainModels.swift; sourceTree = "<group>"; };
		1A2B3C4D5E6F700000000004 /* SampleData.swift */ = {isa = PBXFileReference; lastKnownFileType = sourcecode.swift; path = SampleData.swift; sourceTree = "<group>"; };
		1A2B3C4D5E6F700000000005 /* DesignSystem.swift */ = {isa = PBXFileReference; lastKnownFileType = sourcecode.swift; path = DesignSystem.swift; sourceTree = "<group>"; };
		1A2B3C4D5E6F700000000006 /* DiscoverView.swift */ = {isa = PBXFileReference; lastKnownFileType = sourcecode.swift; path = DiscoverView.swift; sourceTree = "<group>"; };
		1A2B3C4D5E6F700000000007 /* OfferDetailView.swift */ = {isa = PBXFileReference; lastKnownFileType = sourcecode.swift; path = OfferDetailView.swift; sourceTree = "<group>"; };
		1A2B3C4D5E6F700000000008 /* BookingsView.swift */ = {isa = PBXFileReference; lastKnownFileType = sourcecode.swift; path = BookingsView.swift; sourceTree = "<group>"; };
		1A2B3C4D5E6F700000000009 /* ProfileView.swift */ = {isa = PBXFileReference; lastKnownFileType = sourcecode.swift; path = ProfileView.swift; sourceTree = "<group>"; };
		1A2B3C4D5E6F700000000010 /* VenueStudioView.swift */ = {isa = PBXFileReference; lastKnownFileType = sourcecode.swift; path = VenueStudioView.swift; sourceTree = "<group>"; };
		1A2B3C4D5E6F700000000011 /* AppState.swift */ = {isa = PBXFileReference; lastKnownFileType = sourcecode.swift; path = AppState.swift; sourceTree = "<group>"; };
		1A2B3C4D5E6F700000000012 /* MainAppShell.swift */ = {isa = PBXFileReference; lastKnownFileType = sourcecode.swift; path = MainAppShell.swift; sourceTree = "<group>"; };
		1A2B3C4D5E6F700000000013 /* OnboardingView.swift */ = {isa = PBXFileReference; lastKnownFileType = sourcecode.swift; path = OnboardingView.swift; sourceTree = "<group>"; };
		1A2B3C4D5E6F700000000014 /* InboxView.swift */ = {isa = PBXFileReference; lastKnownFileType = sourcecode.swift; path = InboxView.swift; sourceTree = "<group>"; };
		1A2B3C4D5E6F700000000015 /* AppPersistence.swift */ = {isa = PBXFileReference; lastKnownFileType = sourcecode.swift; path = AppPersistence.swift; sourceTree = "<group>"; };
		1A2B3C4D5E6F700000000016 /* AdminDashboardView.swift */ = {isa = PBXFileReference; lastKnownFileType = sourcecode.swift; path = AdminDashboardView.swift; sourceTree = "<group>"; };
		1A2B3C4D5E6F700000000020 /* Assets.xcassets */ = {isa = PBXFileReference; lastKnownFileType = folder.assetcatalog; path = Assets.xcassets; sourceTree = "<group>"; };
		1A2B3C4D5E6F700000000030 /* Preview Assets.xcassets */ = {isa = PBXFileReference; lastKnownFileType = folder.assetcatalog; path = "Preview Assets.xcassets"; sourceTree = "<group>"; };
		1A2B3C4D5E6F700000000201 /* MarviSociety.app */ = {isa = PBXFileReference; explicitFileType = wrapper.application; includeInIndex = 0; path = MarviSociety.app; sourceTree = BUILT_PRODUCTS_DIR; };
		1A2B3C4D5E6F700000000118 /* APIConfig.swift */ = {isa = PBXFileReference; lastKnownFileType = sourcecode.swift; path = APIConfig.swift; sourceTree = "<group>"; };
		1A2B3C4D5E6F700000000119 /* MarviAPIError.swift */ = {isa = PBXFileReference; lastKnownFileType = sourcecode.swift; path = MarviAPIError.swift; sourceTree = "<group>"; };
		1A2B3C4D5E6F700000000120 /* MarviAPI.swift */ = {isa = PBXFileReference; lastKnownFileType = sourcecode.swift; path = MarviAPI.swift; sourceTree = "<group>"; };
		1A2B3C4D5E6F700000000121 /* LocalMarviAPI.swift */ = {isa = PBXFileReference; lastKnownFileType = sourcecode.swift; path = LocalMarviAPI.swift; sourceTree = "<group>"; };
		1A2B3C4D5E6F700000000122 /* APIDTOs.swift */ = {isa = PBXFileReference; lastKnownFileType = sourcecode.swift; path = APIDTOs.swift; sourceTree = "<group>"; };
		1A2B3C4D5E6F700000000123 /* SupabaseClient.swift */ = {isa = PBXFileReference; lastKnownFileType = sourcecode.swift; path = SupabaseClient.swift; sourceTree = "<group>"; };
		1A2B3C4D5E6F700000000124 /* SupabaseMarviAPI.swift */ = {isa = PBXFileReference; lastKnownFileType = sourcecode.swift; path = SupabaseMarviAPI.swift; sourceTree = "<group>"; };
		1A2B3C4D5E6F700000000125 /* AppleSignInService.swift */ = {isa = PBXFileReference; lastKnownFileType = sourcecode.swift; path = AppleSignInService.swift; sourceTree = "<group>"; };
		1A2B3C4D5E6F700000000138 /* LocationService.swift */ = {isa = PBXFileReference; lastKnownFileType = sourcecode.swift; path = LocationService.swift; sourceTree = "<group>"; };
		1A2B3C4D5E6F700000000139 /* PushNotificationService.swift */ = {isa = PBXFileReference; lastKnownFileType = sourcecode.swift; path = PushNotificationService.swift; sourceTree = "<group>"; };
		1A2B3C4D5E6F700000000140 /* MapDiscoverView.swift */ = {isa = PBXFileReference; lastKnownFileType = sourcecode.swift; path = MapDiscoverView.swift; sourceTree = "<group>"; };
/* End PBXFileReference section */

/* Begin PBXFrameworksBuildPhase section */
		1A2B3C4D5E6F700000000301 /* Frameworks */ = {
			isa = PBXFrameworksBuildPhase;
			buildActionMask = 2147483647;
			files = (
			);
			runOnlyForDeploymentPostprocessing = 0;
		};
/* End PBXFrameworksBuildPhase section */

/* Begin PBXGroup section */
		1A2B3C4D5E6F700000000401 = {
			isa = PBXGroup;
			children = (
				1A2B3C4D5E6F700000000402 /* MarviSociety */,
				1A2B3C4D5E6F700000000403 /* Products */,
			);
			sourceTree = "<group>";
		};
		1A2B3C4D5E6F700000000402 /* MarviSociety */ = {
			isa = PBXGroup;
			children = (
				1A2B3C4D5E6F700000000405 /* App */,
				1A2B3C4D5E6F700000000406 /* Core */,
				1A2B3C4D5E6F700000000407 /* Data */,
				1A2B3C4D5E6F700000000408 /* Features */,
				1A2B3C4D5E6F700000000409 /* Resources */,
			);
			path = MarviSociety;
			sourceTree = "<group>";
		};
		1A2B3C4D5E6F700000000403 /* Products */ = {
			isa = PBXGroup;
			children = (
				1A2B3C4D5E6F700000000201 /* MarviSociety.app */,
			);
			name = Products;
			sourceTree = "<group>";
		};
		1A2B3C4D5E6F700000000404 /* Preview Content */ = {
			isa = PBXGroup;
			children = (
				1A2B3C4D5E6F700000000030 /* Preview Assets.xcassets */,
			);
			path = "Preview Content";
			sourceTree = "<group>";
		};
		1A2B3C4D5E6F700000000405 /* App */ = {
			isa = PBXGroup;
			children = (
				1A2B3C4D5E6F700000000001 /* MarviSocietyApp.swift */,
				1A2B3C4D5E6F700000000011 /* AppState.swift */,
				1A2B3C4D5E6F700000000002 /* ContentView.swift */,
				1A2B3C4D5E6F700000000012 /* MainAppShell.swift */,
			);
			path = App;
			sourceTree = "<group>";
		};
		1A2B3C4D5E6F700000000406 /* Core */ = {
			isa = PBXGroup;
			children = (
				1A2B3C4D5E6F700000000410 /* DesignSystem */,
				1A2B3C4D5E6F700000000411 /* Models */,
				1A2B3C4D5E6F700000000412 /* Persistence */,
				1A2B3C4D5E6F700000000426 /* Networking */,
				1A2B3C4D5E6F700000000430 /* Services */,
			);
			path = Core;
			sourceTree = "<group>";
		};
		1A2B3C4D5E6F700000000430 /* Services */ = {
			isa = PBXGroup;
			children = (
				1A2B3C4D5E6F700000000138 /* LocationService.swift */,
				1A2B3C4D5E6F700000000139 /* PushNotificationService.swift */,
			);
			path = Services;
			sourceTree = "<group>";
		};
		1A2B3C4D5E6F700000000426 /* Networking */ = {
			isa = PBXGroup;
			children = (
				1A2B3C4D5E6F700000000118 /* APIConfig.swift */,
				1A2B3C4D5E6F700000000119 /* MarviAPIError.swift */,
				1A2B3C4D5E6F700000000120 /* MarviAPI.swift */,
				1A2B3C4D5E6F700000000121 /* LocalMarviAPI.swift */,
				1A2B3C4D5E6F700000000427 /* DTOs */,
				1A2B3C4D5E6F700000000428 /* Supabase */,
				1A2B3C4D5E6F700000000429 /* Auth */,
			);
			path = Networking;
			sourceTree = "<group>";
		};
		1A2B3C4D5E6F700000000427 /* DTOs */ = {
			isa = PBXGroup;
			children = (
				1A2B3C4D5E6F700000000122 /* APIDTOs.swift */,
			);
			path = DTOs;
			sourceTree = "<group>";
		};
		1A2B3C4D5E6F700000000428 /* Supabase */ = {
			isa = PBXGroup;
			children = (
				1A2B3C4D5E6F700000000123 /* SupabaseClient.swift */,
				1A2B3C4D5E6F700000000124 /* SupabaseMarviAPI.swift */,
			);
			path = Supabase;
			sourceTree = "<group>";
		};
		1A2B3C4D5E6F700000000429 /* Auth */ = {
			isa = PBXGroup;
			children = (
				1A2B3C4D5E6F700000000125 /* AppleSignInService.swift */,
			);
			path = Auth;
			sourceTree = "<group>";
		};
		1A2B3C4D5E6F700000000407 /* Data */ = {
			isa = PBXGroup;
			children = (
				1A2B3C4D5E6F700000000004 /* SampleData.swift */,
			);
			path = Data;
			sourceTree = "<group>";
		};
		1A2B3C4D5E6F700000000408 /* Features */ = {
			isa = PBXGroup;
			children = (
				1A2B3C4D5E6F700000000413 /* Admin */,
				1A2B3C4D5E6F700000000414 /* Bookings */,
				1A2B3C4D5E6F700000000415 /* Discover */,
				1A2B3C4D5E6F700000000421 /* Map */,
				1A2B3C4D5E6F700000000416 /* Inbox */,
				1A2B3C4D5E6F700000000417 /* OfferDetail */,
				1A2B3C4D5E6F700000000418 /* Onboarding */,
				1A2B3C4D5E6F700000000419 /* Profile */,
				1A2B3C4D5E6F700000000420 /* VenueStudio */,
			);
			path = Features;
			sourceTree = "<group>";
		};
		1A2B3C4D5E6F700000000409 /* Resources */ = {
			isa = PBXGroup;
			children = (
				1A2B3C4D5E6F700000000020 /* Assets.xcassets */,
				1A2B3C4D5E6F700000000404 /* Preview Content */,
			);
			path = Resources;
			sourceTree = "<group>";
		};
		1A2B3C4D5E6F700000000410 /* DesignSystem */ = {
			isa = PBXGroup;
			children = (
				1A2B3C4D5E6F700000000005 /* DesignSystem.swift */,
			);
			path = DesignSystem;
			sourceTree = "<group>";
		};
		1A2B3C4D5E6F700000000411 /* Models */ = {
			isa = PBXGroup;
			children = (
				1A2B3C4D5E6F700000000003 /* DomainModels.swift */,
			);
			path = Models;
			sourceTree = "<group>";
		};
		1A2B3C4D5E6F700000000412 /* Persistence */ = {
			isa = PBXGroup;
			children = (
				1A2B3C4D5E6F700000000015 /* AppPersistence.swift */,
			);
			path = Persistence;
			sourceTree = "<group>";
		};
		1A2B3C4D5E6F700000000413 /* Admin */ = {
			isa = PBXGroup;
			children = (
				1A2B3C4D5E6F700000000016 /* AdminDashboardView.swift */,
			);
			path = Admin;
			sourceTree = "<group>";
		};
		1A2B3C4D5E6F700000000414 /* Bookings */ = {
			isa = PBXGroup;
			children = (
				1A2B3C4D5E6F700000000008 /* BookingsView.swift */,
			);
			path = Bookings;
			sourceTree = "<group>";
		};
		1A2B3C4D5E6F700000000415 /* Discover */ = {
			isa = PBXGroup;
			children = (
				1A2B3C4D5E6F700000000006 /* DiscoverView.swift */,
			);
			path = Discover;
			sourceTree = "<group>";
		};
		1A2B3C4D5E6F700000000421 /* Map */ = {
			isa = PBXGroup;
			children = (
				1A2B3C4D5E6F700000000140 /* MapDiscoverView.swift */,
			);
			path = Map;
			sourceTree = "<group>";
		};
		1A2B3C4D5E6F700000000416 /* Inbox */ = {
			isa = PBXGroup;
			children = (
				1A2B3C4D5E6F700000000014 /* InboxView.swift */,
			);
			path = Inbox;
			sourceTree = "<group>";
		};
		1A2B3C4D5E6F700000000417 /* OfferDetail */ = {
			isa = PBXGroup;
			children = (
				1A2B3C4D5E6F700000000007 /* OfferDetailView.swift */,
			);
			path = OfferDetail;
			sourceTree = "<group>";
		};
		1A2B3C4D5E6F700000000418 /* Onboarding */ = {
			isa = PBXGroup;
			children = (
				1A2B3C4D5E6F700000000013 /* OnboardingView.swift */,
			);
			path = Onboarding;
			sourceTree = "<group>";
		};
		1A2B3C4D5E6F700000000419 /* Profile */ = {
			isa = PBXGroup;
			children = (
				1A2B3C4D5E6F700000000009 /* ProfileView.swift */,
			);
			path = Profile;
			sourceTree = "<group>";
		};
		1A2B3C4D5E6F700000000420 /* VenueStudio */ = {
			isa = PBXGroup;
			children = (
				1A2B3C4D5E6F700000000010 /* VenueStudioView.swift */,
			);
			path = VenueStudio;
			sourceTree = "<group>";
		};
/* End PBXGroup section */

/* Begin PBXNativeTarget section */
		1A2B3C4D5E6F700000000501 /* MarviSociety */ = {
			isa = PBXNativeTarget;
			buildConfigurationList = 1A2B3C4D5E6F700000000902 /* Build configuration list for PBXNativeTarget "MarviSociety" */;
			buildPhases = (
				1A2B3C4D5E6F700000000601 /* Sources */,
				1A2B3C4D5E6F700000000301 /* Frameworks */,
				1A2B3C4D5E6F700000000701 /* Resources */,
			);
			buildRules = (
			);
			dependencies = (
			);
			name = MarviSociety;
			productName = MarviSociety;
			productReference = 1A2B3C4D5E6F700000000201 /* MarviSociety.app */;
			productType = "com.apple.product-type.application";
		};
/* End PBXNativeTarget section */

/* Begin PBXProject section */
		1A2B3C4D5E6F700000000801 /* Project object */ = {
			isa = PBXProject;
			attributes = {
				BuildIndependentTargetsInParallel = 1;
				LastSwiftUpdateCheck = 1600;
				LastUpgradeCheck = 1600;
				TargetAttributes = {
					1A2B3C4D5E6F700000000501 = {
						CreatedOnToolsVersion = 16.0;
					};
				};
			};
			buildConfigurationList = 1A2B3C4D5E6F700000000901 /* Build configuration list for PBXProject "MarviSociety" */;
			compatibilityVersion = "Xcode 14.0";
			developmentRegion = en;
			hasScannedForEncodings = 0;
			knownRegions = (
				en,
				Base,
			);
			mainGroup = 1A2B3C4D5E6F700000000401;
			productRefGroup = 1A2B3C4D5E6F700000000403 /* Products */;
			projectDirPath = "";
			projectRoot = "";
			targets = (
				1A2B3C4D5E6F700000000501 /* MarviSociety */,
			);
		};
/* End PBXProject section */

/* Begin PBXResourcesBuildPhase section */
		1A2B3C4D5E6F700000000701 /* Resources */ = {
			isa = PBXResourcesBuildPhase;
			buildActionMask = 2147483647;
			files = (
				1A2B3C4D5E6F700000000111 /* Assets.xcassets in Resources */,
			);
			runOnlyForDeploymentPostprocessing = 0;
		};
/* End PBXResourcesBuildPhase section */

/* Begin PBXSourcesBuildPhase section */
		1A2B3C4D5E6F700000000601 /* Sources */ = {
			isa = PBXSourcesBuildPhase;
			buildActionMask = 2147483647;
			files = (
				1A2B3C4D5E6F700000000101 /* MarviSocietyApp.swift in Sources */,
				1A2B3C4D5E6F700000000102 /* ContentView.swift in Sources */,
				1A2B3C4D5E6F700000000103 /* DomainModels.swift in Sources */,
				1A2B3C4D5E6F700000000104 /* SampleData.swift in Sources */,
				1A2B3C4D5E6F700000000105 /* DesignSystem.swift in Sources */,
				1A2B3C4D5E6F700000000106 /* DiscoverView.swift in Sources */,
				1A2B3C4D5E6F700000000107 /* OfferDetailView.swift in Sources */,
				1A2B3C4D5E6F700000000108 /* BookingsView.swift in Sources */,
				1A2B3C4D5E6F700000000109 /* ProfileView.swift in Sources */,
				1A2B3C4D5E6F700000000110 /* VenueStudioView.swift in Sources */,
				1A2B3C4D5E6F700000000112 /* AppState.swift in Sources */,
				1A2B3C4D5E6F700000000113 /* MainAppShell.swift in Sources */,
				1A2B3C4D5E6F700000000114 /* OnboardingView.swift in Sources */,
				1A2B3C4D5E6F700000000115 /* InboxView.swift in Sources */,
				1A2B3C4D5E6F700000000116 /* AppPersistence.swift in Sources */,
				1A2B3C4D5E6F700000000117 /* AdminDashboardView.swift in Sources */,
				1A2B3C4D5E6F700000000130 /* APIConfig.swift in Sources */,
				1A2B3C4D5E6F700000000131 /* MarviAPIError.swift in Sources */,
				1A2B3C4D5E6F700000000132 /* MarviAPI.swift in Sources */,
				1A2B3C4D5E6F700000000133 /* LocalMarviAPI.swift in Sources */,
				1A2B3C4D5E6F700000000134 /* APIDTOs.swift in Sources */,
				1A2B3C4D5E6F700000000135 /* SupabaseClient.swift in Sources */,
				1A2B3C4D5E6F700000000136 /* SupabaseMarviAPI.swift in Sources */,
				1A2B3C4D5E6F700000000137 /* AppleSignInService.swift in Sources */,
				1A2B3C4D5E6F700000000141 /* LocationService.swift in Sources */,
				1A2B3C4D5E6F700000000142 /* PushNotificationService.swift in Sources */,
				1A2B3C4D5E6F700000000143 /* MapDiscoverView.swift in Sources */,
			);
			runOnlyForDeploymentPostprocessing = 0;
		};
/* End PBXSourcesBuildPhase section */

/* Begin XCBuildConfiguration section */
		1A2B3C4D5E6F700000000A01 /* Debug */ = {
			isa = XCBuildConfiguration;
			buildSettings = {
				ALWAYS_SEARCH_USER_PATHS = NO;
				ASSETCATALOG_COMPILER_GENERATE_SWIFT_ASSET_SYMBOL_EXTENSIONS = YES;
				CLANG_ANALYZER_NONNULL = YES;
				CLANG_ANALYZER_NUMBER_OBJECT_CONVERSION = YES_AGGRESSIVE;
				CLANG_CXX_LANGUAGE_STANDARD = "gnu++20";
				CLANG_ENABLE_MODULES = YES;
				CLANG_ENABLE_OBJC_ARC = YES;
				CLANG_ENABLE_OBJC_WEAK = YES;
				CLANG_WARN_BLOCK_CAPTURE_AUTORELEASING = YES;
				CLANG_WARN_BOOL_CONVERSION = YES;
				CLANG_WARN_COMMA = YES;
				CLANG_WARN_CONSTANT_CONVERSION = YES;
				CLANG_WARN_DEPRECATED_OBJC_IMPLEMENTATIONS = YES;
				CLANG_WARN_DIRECT_OBJC_ISA_USAGE = YES_ERROR;
				CLANG_WARN_DOCUMENTATION_COMMENTS = YES;
				CLANG_WARN_EMPTY_BODY = YES;
				CLANG_WARN_ENUM_CONVERSION = YES;
				CLANG_WARN_INFINITE_RECURSION = YES;
				CLANG_WARN_INT_CONVERSION = YES;
				CLANG_WARN_NON_LITERAL_NULL_CONVERSION = YES;
				CLANG_WARN_OBJC_IMPLICIT_RETAIN_SELF = YES;
				CLANG_WARN_OBJC_LITERAL_CONVERSION = YES;
				CLANG_WARN_OBJC_ROOT_CLASS = YES_ERROR;
				CLANG_WARN_QUOTED_INCLUDE_IN_FRAMEWORK_HEADER = YES;
				CLANG_WARN_RANGE_LOOP_ANALYSIS = YES;
				CLANG_WARN_STRICT_PROTOTYPES = YES;
				CLANG_WARN_SUSPICIOUS_MOVE = YES;
				CLANG_WARN_UNGUARDED_AVAILABILITY = YES_AGGRESSIVE;
				CLANG_WARN_UNREACHABLE_CODE = YES;
				CLANG_WARN__DUPLICATE_METHOD_MATCH = YES;
				COPY_PHASE_STRIP = NO;
				DEBUG_INFORMATION_FORMAT = dwarf;
				ENABLE_STRICT_OBJC_MSGSEND = YES;
				ENABLE_TESTABILITY = YES;
				ENABLE_USER_SCRIPT_SANDBOXING = YES;
				GCC_C_LANGUAGE_STANDARD = gnu17;
				GCC_DYNAMIC_NO_PIC = NO;
				GCC_NO_COMMON_BLOCKS = YES;
				GCC_OPTIMIZATION_LEVEL = 0;
				GCC_PREPROCESSOR_DEFINITIONS = (
					"DEBUG=1",
					"$(inherited)",
				);
				GCC_WARN_64_TO_32_BIT_CONVERSION = YES;
				GCC_WARN_ABOUT_RETURN_TYPE = YES_ERROR;
				GCC_WARN_UNDECLARED_SELECTOR = YES;
				GCC_WARN_UNINITIALIZED_AUTOS = YES_AGGRESSIVE;
				GCC_WARN_UNUSED_FUNCTION = YES;
				GCC_WARN_UNUSED_VARIABLE = YES;
				IPHONEOS_DEPLOYMENT_TARGET = 17.0;
				LOCALIZATION_PREFERS_STRING_CATALOGS = YES;
				MTL_ENABLE_DEBUG_INFO = INCLUDE_SOURCE;
				MTL_FAST_MATH = YES;
				ONLY_ACTIVE_ARCH = YES;
				SDKROOT = iphoneos;
				SWIFT_ACTIVE_COMPILATION_CONDITIONS = "DEBUG $(inherited)";
				SWIFT_OPTIMIZATION_LEVEL = "-Onone";
			};
			name = Debug;
		};
		1A2B3C4D5E6F700000000A02 /* Release */ = {
			isa = XCBuildConfiguration;
			buildSettings = {
				ALWAYS_SEARCH_USER_PATHS = NO;
				ASSETCATALOG_COMPILER_GENERATE_SWIFT_ASSET_SYMBOL_EXTENSIONS = YES;
				CLANG_ANALYZER_NONNULL = YES;
				CLANG_ANALYZER_NUMBER_OBJECT_CONVERSION = YES_AGGRESSIVE;
				CLANG_CXX_LANGUAGE_STANDARD = "gnu++20";
				CLANG_ENABLE_MODULES = YES;
				CLANG_ENABLE_OBJC_ARC = YES;
				CLANG_ENABLE_OBJC_WEAK = YES;
				CLANG_WARN_BLOCK_CAPTURE_AUTORELEASING = YES;
				CLANG_WARN_BOOL_CONVERSION = YES;
				CLANG_WARN_COMMA = YES;
				CLANG_WARN_CONSTANT_CONVERSION = YES;
				CLANG_WARN_DEPRECATED_OBJC_IMPLEMENTATIONS = YES;
				CLANG_WARN_DIRECT_OBJC_ISA_USAGE = YES_ERROR;
				CLANG_WARN_DOCUMENTATION_COMMENTS = YES;
				CLANG_WARN_EMPTY_BODY = YES;
				CLANG_WARN_ENUM_CONVERSION = YES;
				CLANG_WARN_INFINITE_RECURSION = YES;
				CLANG_WARN_INT_CONVERSION = YES;
				CLANG_WARN_NON_LITERAL_NULL_CONVERSION = YES;
				CLANG_WARN_OBJC_IMPLICIT_RETAIN_SELF = YES;
				CLANG_WARN_OBJC_LITERAL_CONVERSION = YES;
				CLANG_WARN_OBJC_ROOT_CLASS = YES_ERROR;
				CLANG_WARN_QUOTED_INCLUDE_IN_FRAMEWORK_HEADER = YES;
				CLANG_WARN_RANGE_LOOP_ANALYSIS = YES;
				CLANG_WARN_STRICT_PROTOTYPES = YES;
				CLANG_WARN_SUSPICIOUS_MOVE = YES;
				CLANG_WARN_UNGUARDED_AVAILABILITY = YES_AGGRESSIVE;
				CLANG_WARN_UNREACHABLE_CODE = YES;
				CLANG_WARN__DUPLICATE_METHOD_MATCH = YES;
				COPY_PHASE_STRIP = NO;
				DEBUG_INFORMATION_FORMAT = "dwarf-with-dsym";
				ENABLE_NS_ASSERTIONS = NO;
				ENABLE_STRICT_OBJC_MSGSEND = YES;
				ENABLE_USER_SCRIPT_SANDBOXING = YES;
				GCC_C_LANGUAGE_STANDARD = gnu17;
				GCC_NO_COMMON_BLOCKS = YES;
				GCC_WARN_64_TO_32_BIT_CONVERSION = YES;
				GCC_WARN_ABOUT_RETURN_TYPE = YES_ERROR;
				GCC_WARN_UNDECLARED_SELECTOR = YES;
				GCC_WARN_UNINITIALIZED_AUTOS = YES_AGGRESSIVE;
				GCC_WARN_UNUSED_FUNCTION = YES;
				GCC_WARN_UNUSED_VARIABLE = YES;
				IPHONEOS_DEPLOYMENT_TARGET = 17.0;
				LOCALIZATION_PREFERS_STRING_CATALOGS = YES;
				MTL_ENABLE_DEBUG_INFO = NO;
				MTL_FAST_MATH = YES;
				SDKROOT = iphoneos;
				SWIFT_COMPILATION_MODE = wholemodule;
				VALIDATE_PRODUCT = YES;
			};
			name = Release;
		};
		1A2B3C4D5E6F700000000B01 /* Debug */ = {
			isa = XCBuildConfiguration;
			buildSettings = {
				ASSETCATALOG_COMPILER_APPICON_NAME = AppIcon;
				ASSETCATALOG_COMPILER_GLOBAL_ACCENT_COLOR_NAME = AccentColor;
				CODE_SIGN_STYLE = Automatic;
				CURRENT_PROJECT_VERSION = 1;
				DEVELOPMENT_ASSET_PATHS = "\"MarviSociety/Resources/Preview Content\"";
				ENABLE_PREVIEWS = YES;
				GENERATE_INFOPLIST_FILE = YES;
				INFOPLIST_KEY_CFBundleDisplayName = "Marvi Society";
				INFOPLIST_KEY_LSApplicationCategoryType = "public.app-category.lifestyle";
				INFOPLIST_KEY_MARVI_API_MODE = local;
				INFOPLIST_KEY_MARVI_SUPABASE_ANON_KEY = "";
				INFOPLIST_KEY_MARVI_SUPABASE_URL = "";
				INFOPLIST_KEY_NSLocationWhenInUseUsageDescription = "Marvi Society uses your location to show nearby instant collaborations on the map.";
				INFOPLIST_KEY_UIApplicationSupportsIndirectInputEvents = YES;
				INFOPLIST_KEY_UILaunchScreen_Generation = YES;
				INFOPLIST_KEY_UISupportedInterfaceOrientations_iPad = "UIInterfaceOrientationPortrait UIInterfaceOrientationPortraitUpsideDown UIInterfaceOrientationLandscapeLeft UIInterfaceOrientationLandscapeRight";
				INFOPLIST_KEY_UISupportedInterfaceOrientations_iPhone = "UIInterfaceOrientationPortrait";
				IPHONEOS_DEPLOYMENT_TARGET = 17.0;
				MARKETING_VERSION = 1.0;
				PRODUCT_BUNDLE_IDENTIFIER = com.marvisociety.app;
				PRODUCT_NAME = "$(TARGET_NAME)";
				SWIFT_EMIT_LOC_STRINGS = YES;
				SWIFT_VERSION = 5.0;
				TARGETED_DEVICE_FAMILY = "1,2";
			};
			name = Debug;
		};
		1A2B3C4D5E6F700000000B02 /* Release */ = {
			isa = XCBuildConfiguration;
			buildSettings = {
				ASSETCATALOG_COMPILER_APPICON_NAME = AppIcon;
				ASSETCATALOG_COMPILER_GLOBAL_ACCENT_COLOR_NAME = AccentColor;
				CODE_SIGN_STYLE = Automatic;
				CURRENT_PROJECT_VERSION = 1;
				DEVELOPMENT_ASSET_PATHS = "\"MarviSociety/Resources/Preview Content\"";
				ENABLE_PREVIEWS = YES;
				GENERATE_INFOPLIST_FILE = YES;
				INFOPLIST_KEY_CFBundleDisplayName = "Marvi Society";
				INFOPLIST_KEY_LSApplicationCategoryType = "public.app-category.lifestyle";
				INFOPLIST_KEY_MARVI_API_MODE = local;
				INFOPLIST_KEY_MARVI_SUPABASE_ANON_KEY = "";
				INFOPLIST_KEY_MARVI_SUPABASE_URL = "";
				INFOPLIST_KEY_NSLocationWhenInUseUsageDescription = "Marvi Society uses your location to show nearby instant collaborations on the map.";
				INFOPLIST_KEY_UIApplicationSupportsIndirectInputEvents = YES;
				INFOPLIST_KEY_UILaunchScreen_Generation = YES;
				INFOPLIST_KEY_UISupportedInterfaceOrientations_iPad = "UIInterfaceOrientationPortrait UIInterfaceOrientationPortraitUpsideDown UIInterfaceOrientationLandscapeLeft UIInterfaceOrientationLandscapeRight";
				INFOPLIST_KEY_UISupportedInterfaceOrientations_iPhone = "UIInterfaceOrientationPortrait";
				IPHONEOS_DEPLOYMENT_TARGET = 17.0;
				MARKETING_VERSION = 1.0;
				PRODUCT_BUNDLE_IDENTIFIER = com.marvisociety.app;
				PRODUCT_NAME = "$(TARGET_NAME)";
				SWIFT_EMIT_LOC_STRINGS = YES;
				SWIFT_VERSION = 5.0;
				TARGETED_DEVICE_FAMILY = "1,2";
			};
			name = Release;
		};
/* End XCBuildConfiguration section */

/* Begin XCConfigurationList section */
		1A2B3C4D5E6F700000000901 /* Build configuration list for PBXProject "MarviSociety" */ = {
			isa = XCConfigurationList;
			buildConfigurations = (
				1A2B3C4D5E6F700000000A01 /* Debug */,
				1A2B3C4D5E6F700000000A02 /* Release */,
			);
			defaultConfigurationIsVisible = 0;
			defaultConfigurationName = Release;
		};
		1A2B3C4D5E6F700000000902 /* Build configuration list for PBXNativeTarget "MarviSociety" */ = {
			isa = XCConfigurationList;
			buildConfigurations = (
				1A2B3C4D5E6F700000000B01 /* Debug */,
				1A2B3C4D5E6F700000000B02 /* Release */,
			);
			defaultConfigurationIsVisible = 0;
			defaultConfigurationName = Release;
		};
/* End XCConfigurationList section */
	};
	rootObject = 1A2B3C4D5E6F700000000801 /* Project object */;
}
